
Microsoft Visual Studio Solution File, Format Version 12.00
# Visual Studio Version 17
VisualStudioVersion = 17.14.36811.4 d17.14
MinimumVisualStudioVersion = 10.0.40219.1
Project("{FAE04EC0-301F-11D3-BF4B-00C04F79EFBC}") = "Notification_System", "Notification_System\Notification_System.csproj", "{EE7CF2BA-4B2A-49EF-A6D8-FCC0AF97B300}"
EndProject
Global
	GlobalSection(SolutionConfigurationPlatforms) = preSolution
		Debug|Any CPU = Debug|Any CPU
		Release|Any CPU = Release|Any CPU
	EndGlobalSection
	GlobalSection(ProjectConfigurationPlatforms) = postSolution
		{EE7CF2BA-4B2A-49EF-A6D8-FCC0AF97B300}.Debug|Any CPU.ActiveCfg = Debug|Any CPU
		{EE7CF2BA-4B2A-49EF-A6D8-FCC0AF97B300}.Debug|Any CPU.Build.0 = Debug|Any CPU
		{EE7CF2BA-4B2A-49EF-A6D8-FCC0AF97B300}.Release|Any CPU.ActiveCfg = Release|Any CPU
		{EE7CF2BA-4B2A-49EF-A6D8-FCC0AF97B300}.Release|Any CPU.Build.0 = Release|Any CPU
	EndGlobalSection
	GlobalSection(SolutionProperties) = preSolution
		HideSolutionNode = FALSE
	EndGlobalSection
	GlobalSection(ExtensibilityGlobals) = postSolution
		SolutionGuid = {D8943296-E9DE-45EE-A453-5B2F0CE8F265}
	EndGlobalSection
EndGlobal
